<?xml version="1.0" encoding="utf-8"?>
<Project ToolsVersion="4.0" xmlns="http://schemas.microsoft.com/developer/msbuild/2003">
  <ItemGroup>
    <Filter Include="Source Files">
      <UniqueIdentifier>{4FC737F1-C7A5-4376-A066-2A32D752A2FF}</UniqueIdentifier>
      <Extensions>cpp;c;cc;cxx;c++;cppm;ixx;def;odl;idl;hpj;bat;asm;asmx</Extensions>
    </Filter>
    <Filter Include="Header Files">
      <UniqueIdentifier>{93995380-89BD-4b04-88EB-625FBE52EBFB}</UniqueIdentifier>
      <Extensions>h;hh;hpp;hxx;h++;hm;inl;inc;ipp;xsd</Extensions>
    </Filter>
    <Filter Include="Resource Files">
      <UniqueIdentifier>{67DA6AB6-F800-4c08-8B7A-83BB121AAD01}</UniqueIdentifier>
      <Extensions>rc;ico;cur;bmp;dlg;rc2;rct;bin;rgs;gif;jpg;jpeg;jpe;resx;tiff;tif;png;wav;mfcribbon-ms</Extensions>
    </Filter>
    <Filter Include="Source Files\Params">
      <UniqueIdentifier>{6d7ddb3a-9748-448b-9528-91715608b7f1}</UniqueIdentifier>
    </Filter>
    <Filter Include="Source Files\Types">
      <UniqueIdentifier>{f51c2f02-636c-4788-a065-eed2632d3864}</UniqueIdentifier>
    </Filter>
    <Filter Include="Source Files\UtilClasses">
      <UniqueIdentifier>{9579a307-877b-4585-9587-61ebb8c0e47c}</UniqueIdentifier>
    </Filter>
  </ItemGroup>
  <ItemGroup>
    <ClCompile Include="Src\Equipment.cpp">
      <Filter>Source Files</Filter>
    </ClCompile>
    <ClCompile Include="Src\ParseUtils.cpp">
      <Filter>Source Files</Filter>
    </ClCompile>
    <ClCompile Include="Src\UtilsClasses\ParamCache.cpp">
      <Filter>Source Files\UtilClasses</Filter>
    </ClCompile>
    <ClCompile Include="Src\Types\DataType.cpp">
      <Filter>Source Files\Types</Filter>
    </ClCompile>
    <ClCompile Include="Src\Types\EqType.cpp">
      <Filter>Source Files\Types</Filter>
    </ClCompile>
    <ClCompile Include="Src\Types\ErrorTy.cpp">
      <Filter>Source Files\Types</Filter>
    </ClCompile>
    <ClCompile Include="Src\Params\Param.cpp">
      <Filter>Source Files\Params</Filter>
    </ClCompile>
    <ClCompile Include="Src\Params\ParamBool.cpp">
      <Filter>Source Files\Params</Filter>
    </ClCompile>
    <ClCompile Include="Src\Params\ParamEnum.cpp">
      <Filter>Source Files\Params</Filter>
    </ClCompile>
    <ClCompile Include="Src\Params\ParamFloat.cpp">
      <Filter>Source Files\Params</Filter>
    </ClCompile>
    <ClCompile Include="Src\Params\ParamInt.cpp">
      <Filter>Source Files\Params</Filter>
    </ClCompile>
    <ClCompile Include="Src\Params\ParamString.cpp">
      <Filter>Source Files\Params</Filter>
    </ClCompile>
    <ClCompile Include="Src\Params\ParamUtils.cpp">
      <Filter>Source Files\Params</Filter>
    </ClCompile>
  </ItemGroup>
  <ItemGroup>
    <ClInclude Include="Src\ParseUtils.h">
      <Filter>Header Files</Filter>
    </ClInclude>
    <ClInclude Include="Src\Equipment.h">
      <Filter>Header Files</Filter>
    </ClInclude>
    <ClInclude Include="Src\Params\ParamUtils.h">
      <Filter>Header Files</Filter>
    </ClInclude>
    <ClInclude Include="Src\Params\ParamString.h">
      <Filter>Header Files</Filter>
    </ClInclude>
    <ClInclude Include="Src\Params\ParamInt.h">
      <Filter>Header Files</Filter>
    </ClInclude>
    <ClInclude Include="Src\Params\ParamFloat.h">
      <Filter>Header Files</Filter>
    </ClInclude>
    <ClInclude Include="Src\Params\ParamEnum.h">
      <Filter>Header Files</Filter>
    </ClInclude>
    <ClInclude Include="Src\Params\ParamBool.h">
      <Filter>Header Files</Filter>
    </ClInclude>
    <ClInclude Include="Src\Params\Param.h">
      <Filter>Header Files</Filter>
    </ClInclude>
    <ClInclude Include="Src\Types\ErrorTy.h">
      <Filter>Header Files</Filter>
    </ClInclude>
    <ClInclude Include="Src\Types\EqType.h">
      <Filter>Header Files</Filter>
    </ClInclude>
    <ClInclude Include="Src\Types\DataType.h">
      <Filter>Header Files</Filter>
    </ClInclude>
    <ClInclude Include="Src\UtilsClasses\ParamCache.h">
      <Filter>Header Files</Filter>
    </ClInclude>
  </ItemGroup>
</Project>