<?xml version="1.0" encoding="utf-8"?>
<Project ToolsVersion="4.0" xmlns="http://schemas.microsoft.com/developer/msbuild/2003">
  <ItemGroup>
    <Filter Include="Source Files">
      <UniqueIdentifier>{4FC737F1-C7A5-4376-A066-2A32D752A2FF}</UniqueIdentifier>
      <Extensions>cpp;c;cc;cxx;c++;cppm;ixx;def;odl;idl;hpj;bat;asm;asmx</Extensions>
    </Filter>
    <Filter Include="Header Files">
      <UniqueIdentifier>{93995380-89BD-4b04-88EB-625FBE52EBFB}</UniqueIdentifier>
      <Extensions>h;hh;hpp;hxx;h++;hm;inl;inc;ipp;xsd</Extensions>
    </Filter>
    <Filter Include="Resource Files">
      <UniqueIdentifier>{67DA6AB6-F800-4c08-8B7A-83BB121AAD01}</UniqueIdentifier>
      <Extensions>rc;ico;cur;bmp;dlg;rc2;rct;bin;rgs;gif;jpg;jpeg;jpe;resx;tiff;tif;png;wav;mfcribbon-ms</Extensions>
    </Filter>
    <Filter Include="Source Files\States">
      <UniqueIdentifier>{7aaf63de-062f-481e-9be1-f535ea068c3c}</UniqueIdentifier>
    </Filter>
    <Filter Include="Header Files\States">
      <UniqueIdentifier>{1fefb7fc-9c8f-4378-85b6-f4bbbb6a0ca6}</UniqueIdentifier>
    </Filter>
    <Filter Include="Header Files\Utils">
      <UniqueIdentifier>{22e14985-3d0d-4fa5-b72e-87d592c992cf}</UniqueIdentifier>
    </Filter>
    <Filter Include="Source Files\Utils">
      <UniqueIdentifier>{8809c427-8d75-4bf2-b22d-854820fa5447}</UniqueIdentifier>
    </Filter>
    <Filter Include="Header Files\lodePNG">
      <UniqueIdentifier>{ebe9f9a7-af6d-4296-bbe2-587cf1693092}</UniqueIdentifier>
    </Filter>
    <Filter Include="Source Files\lodePNG">
      <UniqueIdentifier>{d9381087-dbdb-4053-86b0-f11376d3c49f}</UniqueIdentifier>
    </Filter>
    <Filter Include="Header Files\Hardware">
      <UniqueIdentifier>{2f6c4203-ccf2-4816-963d-772917907a8e}</UniqueIdentifier>
    </Filter>
    <Filter Include="Source Files\Hardware">
      <UniqueIdentifier>{4ca90c26-3cc4-49d1-b49a-ab6034d85edb}</UniqueIdentifier>
    </Filter>
    <Filter Include="Header Files\CamVideo">
      <UniqueIdentifier>{ac56372d-a067-41b1-9c9b-15c28e3f385f}</UniqueIdentifier>
    </Filter>
    <Filter Include="Source Files\CamVideo">
      <UniqueIdentifier>{870f3fcc-1cd4-419c-b95f-b3c9bfc62ea2}</UniqueIdentifier>
    </Filter>
    <Filter Include="Header Files\CamVideo\CamImpl">
      <UniqueIdentifier>{44cd5638-5f24-4142-9a25-b86277eee5d6}</UniqueIdentifier>
    </Filter>
    <Filter Include="Source Files\CamVideo\CamImpl">
      <UniqueIdentifier>{a0c153dd-163b-4cee-a535-71c418d22ba7}</UniqueIdentifier>
    </Filter>
    <Filter Include="Source Files\UISys">
      <UniqueIdentifier>{e862d4a7-3089-4e3a-89b1-d103dbfe4a2b}</UniqueIdentifier>
    </Filter>
    <Filter Include="Header Files\UISys">
      <UniqueIdentifier>{28eb28a5-2cf3-4b9e-9b87-37cfc814cd7a}</UniqueIdentifier>
    </Filter>
    <Filter Include="Header Files\Carousel">
      <UniqueIdentifier>{578cb909-5740-41ee-bb41-f601f58c602a}</UniqueIdentifier>
    </Filter>
    <Filter Include="Source Files\Carousel">
      <UniqueIdentifier>{dbf5c8a0-ed1a-4ccb-8499-dc8d857cf49c}</UniqueIdentifier>
    </Filter>
  </ItemGroup>
  <ItemGroup>
    <ClInclude Include="targetver.h">
      <Filter>Header Files</Filter>
    </ClInclude>
    <ClInclude Include="Resource.h">
      <Filter>Header Files</Filter>
    </ClInclude>
    <ClInclude Include="MainWin.h">
      <Filter>Header Files</Filter>
    </ClInclude>
    <ClInclude Include="HMDOpApp.h">
      <Filter>Header Files</Filter>
    </ClInclude>
    <ClInclude Include="GLWin.h">
      <Filter>Header Files</Filter>
    </ClInclude>
    <ClInclude Include="States\BaseState.h">
      <Filter>Header Files\States</Filter>
    </ClInclude>
    <ClInclude Include="States\StateIntro.h">
      <Filter>Header Files\States</Filter>
    </ClInclude>
    <ClInclude Include="States\StateHMDOp.h">
      <Filter>Header Files\States</Filter>
    </ClInclude>
    <ClInclude Include="States\StateInitCameras.h">
      <Filter>Header Files\States</Filter>
    </ClInclude>
    <ClInclude Include="States\StateIncludes.h">
      <Filter>Header Files\States</Filter>
    </ClInclude>
    <ClInclude Include="FontMgr.h">
      <Filter>Header Files</Filter>
    </ClInclude>
    <ClInclude Include="glext.h">
      <Filter>Header Files</Filter>
    </ClInclude>
    <ClInclude Include="TexObj.h">
      <Filter>Header Files</Filter>
    </ClInclude>
    <ClInclude Include="Utils\cvgRect.h">
      <Filter>Header Files\Utils</Filter>
    </ClInclude>
    <ClInclude Include="Utils\cvgShapes.h">
      <Filter>Header Files\Utils</Filter>
    </ClInclude>
    <ClInclude Include="lodePNG\lodepng.h">
      <Filter>Header Files\lodePNG</Filter>
    </ClInclude>
    <ClInclude Include="Hardware\LaserSys.h">
      <Filter>Header Files\Hardware</Filter>
    </ClInclude>
    <ClInclude Include="Hardware\IHardware.h">
      <Filter>Header Files\Hardware</Filter>
    </ClInclude>
    <ClInclude Include="Hardware\HardwareMgr.h">
      <Filter>Header Files\Hardware</Filter>
    </ClInclude>
    <ClInclude Include="CamVideo\CamStreamMgr.h">
      <Filter>Header Files\CamVideo</Filter>
    </ClInclude>
    <ClInclude Include="CamVideo\SnapRequest.h">
      <Filter>Header Files\CamVideo</Filter>
    </ClInclude>
    <ClInclude Include="OpSession.h">
      <Filter>Header Files</Filter>
    </ClInclude>
    <ClInclude Include="CamVideo\ManagedCam.h">
      <Filter>Header Files\CamVideo</Filter>
    </ClInclude>
    <ClInclude Include="Utils\multiplatform.h">
      <Filter>Header Files\Utils</Filter>
    </ClInclude>
    <ClInclude Include="CamVideo\VideoRequest.h">
      <Filter>Header Files\CamVideo</Filter>
    </ClInclude>
    <ClInclude Include="Utils\cvgOptions.h">
      <Filter>Header Files\Utils</Filter>
    </ClInclude>
    <ClInclude Include="Utils\cvgCamTextureRegistry.h">
      <Filter>Header Files\Utils</Filter>
    </ClInclude>
    <ClInclude Include="Utils\cvgCamFeedSource.h">
      <Filter>Header Files\Utils</Filter>
    </ClInclude>
    <ClInclude Include="Utils\VideoPollType.h">
      <Filter>Header Files\Utils</Filter>
    </ClInclude>
    <ClInclude Include="Utils\cvgStopwatch.h">
      <Filter>Header Files\Utils</Filter>
    </ClInclude>
    <ClInclude Include="Utils\cvgStopwatchLeft.h">
      <Filter>Header Files\Utils</Filter>
    </ClInclude>
    <ClInclude Include="CamVideo\CamImpl\ICamImpl.h">
      <Filter>Header Files\CamVideo\CamImpl</Filter>
    </ClInclude>
    <ClInclude Include="CamVideo\CamImpl\CamImpl_StaticImg.h">
      <Filter>Header Files\CamVideo\CamImpl</Filter>
    </ClInclude>
    <ClInclude Include="CamVideo\CamImpl\CamImpl_OpenCVBase.h">
      <Filter>Header Files\CamVideo\CamImpl</Filter>
    </ClInclude>
    <ClInclude Include="CamVideo\CamImpl\CamImpl_OCV_Web.h">
      <Filter>Header Files\CamVideo\CamImpl</Filter>
    </ClInclude>
    <ClInclude Include="CamVideo\CamImpl\CamImpl_OCV_USB.h">
      <Filter>Header Files\CamVideo\CamImpl</Filter>
    </ClInclude>
    <ClInclude Include="CamVideo\CamImpl\CamImpl_OCV_HWPath.h">
      <Filter>Header Files\CamVideo\CamImpl</Filter>
    </ClInclude>
    <ClInclude Include="Utils\yen_threshold.h">
      <Filter>Header Files</Filter>
    </ClInclude>
    <ClInclude Include="Utils\ProcessingType.h">
      <Filter>Header Files\Utils</Filter>
    </ClInclude>
    <ClInclude Include="Utils\cvgAssert.h">
      <Filter>Header Files\Utils</Filter>
    </ClInclude>
    <ClInclude Include="UISys\UISys.h">
      <Filter>Header Files\UISys</Filter>
    </ClInclude>
    <ClInclude Include="UISys\UIVec2.h">
      <Filter>Header Files\UISys</Filter>
    </ClInclude>
    <ClInclude Include="UISys\UIBase.h">
      <Filter>Header Files\UISys</Filter>
    </ClInclude>
    <ClInclude Include="UISys\UIButton.h">
      <Filter>Header Files\UISys</Filter>
    </ClInclude>
    <ClInclude Include="UISys\UIRect.h">
      <Filter>Header Files\UISys</Filter>
    </ClInclude>
    <ClInclude Include="UISys\UIPlate.h">
      <Filter>Header Files\UISys</Filter>
    </ClInclude>
    <ClInclude Include="UISys\UISink.h">
      <Filter>Header Files\UISys</Filter>
    </ClInclude>
    <ClInclude Include="UISys\UIColor4.h">
      <Filter>Header Files\UISys</Filter>
    </ClInclude>
    <ClInclude Include="LoadAnim.h">
      <Filter>Header Files</Filter>
    </ClInclude>
    <ClInclude Include="UISys\UIText.h">
      <Filter>Header Files\UISys</Filter>
    </ClInclude>
    <ClInclude Include="UISys\CacheRecordUtils.h">
      <Filter>Header Files\UISys</Filter>
    </ClInclude>
    <ClInclude Include="UISys\DynSize.h">
      <Filter>Header Files\UISys</Filter>
    </ClInclude>
    <ClInclude Include="UISys\UIHSlider.h">
      <Filter>Header Files\UISys</Filter>
    </ClInclude>
    <ClInclude Include="UISys\UIVBulkSlider.h">
      <Filter>Header Files\UISys</Filter>
    </ClInclude>
    <ClInclude Include="UISys\NinePatcher.h">
      <Filter>Header Files\UISys</Filter>
    </ClInclude>
    <ClInclude Include="UISys\UIDefines.h">
      <Filter>Header Files\UISys</Filter>
    </ClInclude>
    <ClInclude Include="UISys\UIGraphic.h">
      <Filter>Header Files\UISys</Filter>
    </ClInclude>
    <ClInclude Include="Carousel\Carousel.h">
      <Filter>Header Files\Carousel</Filter>
    </ClInclude>
    <ClInclude Include="Utils\CarouselData.h">
      <Filter>Header Files\Utils</Filter>
    </ClInclude>
  </ItemGroup>
  <ItemGroup>
    <ClCompile Include="MainWin.cpp">
      <Filter>Source Files</Filter>
    </ClCompile>
    <ClCompile Include="HMDOpApp.cpp">
      <Filter>Source Files</Filter>
    </ClCompile>
    <ClCompile Include="GLWin.cpp">
      <Filter>Source Files</Filter>
    </ClCompile>
    <ClCompile Include="States\BaseState.cpp">
      <Filter>Source Files\States</Filter>
    </ClCompile>
    <ClCompile Include="States\StateIntro.cpp">
      <Filter>Source Files\States</Filter>
    </ClCompile>
    <ClCompile Include="States\StateHMDOp.cpp">
      <Filter>Source Files\States</Filter>
    </ClCompile>
    <ClCompile Include="States\StateInitCameras.cpp">
      <Filter>Source Files\States</Filter>
    </ClCompile>
    <ClCompile Include="FontMgr.cpp">
      <Filter>Source Files</Filter>
    </ClCompile>
    <ClCompile Include="TexObj.cpp">
      <Filter>Source Files</Filter>
    </ClCompile>
    <ClCompile Include="Utils\cvgRect.cpp">
      <Filter>Source Files\Utils</Filter>
    </ClCompile>
    <ClCompile Include="Utils\cvgShapes.cpp">
      <Filter>Source Files\Utils</Filter>
    </ClCompile>
    <ClCompile Include="lodePNG\lodepng.cpp">
      <Filter>Source Files\lodePNG</Filter>
    </ClCompile>
    <ClCompile Include="Hardware\LaserSys.cpp">
      <Filter>Source Files\Hardware</Filter>
    </ClCompile>
    <ClCompile Include="Hardware\IHardware.cpp">
      <Filter>Source Files\Hardware</Filter>
    </ClCompile>
    <ClCompile Include="Hardware\HardwareMgr.cpp">
      <Filter>Source Files\Hardware</Filter>
    </ClCompile>
    <ClCompile Include="CamVideo\CamStreamMgr.cpp">
      <Filter>Source Files\CamVideo</Filter>
    </ClCompile>
    <ClCompile Include="CamVideo\SnapRequest.cpp">
      <Filter>Source Files\CamVideo</Filter>
    </ClCompile>
    <ClCompile Include="OpSession.cpp">
      <Filter>Source Files</Filter>
    </ClCompile>
    <ClCompile Include="CamVideo\ManagedCam.cpp">
      <Filter>Source Files\CamVideo</Filter>
    </ClCompile>
    <ClCompile Include="Utils\multiplatform.cpp">
      <Filter>Source Files\Utils</Filter>
    </ClCompile>
    <ClCompile Include="CamVideo\VideoRequest.cpp">
      <Filter>Source Files\CamVideo</Filter>
    </ClCompile>
    <ClCompile Include="Utils\cvgOptions.cpp">
      <Filter>Source Files\Utils</Filter>
    </ClCompile>
    <ClCompile Include="Utils\cvgCamTextureRegistry.cpp">
      <Filter>Source Files\Utils</Filter>
    </ClCompile>
    <ClCompile Include="Utils\cvgCamFeedSource.cpp">
      <Filter>Source Files\Utils</Filter>
    </ClCompile>
    <ClCompile Include="Utils\VideoPollType.cpp">
      <Filter>Source Files\Utils</Filter>
    </ClCompile>
    <ClCompile Include="Utils\cvgStopwatch.cpp">
      <Filter>Source Files\Utils</Filter>
    </ClCompile>
    <ClCompile Include="Utils\cvgStopwatchLeft.cpp">
      <Filter>Source Files\Utils</Filter>
    </ClCompile>
    <ClCompile Include="CamVideo\CamImpl\ICamImpl.cpp">
      <Filter>Source Files\CamVideo\CamImpl</Filter>
    </ClCompile>
    <ClCompile Include="CamVideo\CamImpl\CamImpl_StaticImg.cpp">
      <Filter>Source Files\CamVideo\CamImpl</Filter>
    </ClCompile>
    <ClCompile Include="CamVideo\CamImpl\CamImpl_OpenCVBase.cpp">
      <Filter>Source Files\CamVideo\CamImpl</Filter>
    </ClCompile>
    <ClCompile Include="CamVideo\CamImpl\CamImpl_OCV_Web.cpp">
      <Filter>Source Files\CamVideo\CamImpl</Filter>
    </ClCompile>
    <ClCompile Include="CamVideo\CamImpl\CamImpl_OCV_USB.cpp">
      <Filter>Source Files\CamVideo\CamImpl</Filter>
    </ClCompile>
    <ClCompile Include="CamVideo\CamImpl\CamImpl_OCV_HWPath.cpp">
      <Filter>Source Files\CamVideo\CamImpl</Filter>
    </ClCompile>
    <ClCompile Include="Utils\yen_threshold.cpp">
      <Filter>Source Files</Filter>
    </ClCompile>
    <ClCompile Include="Utils\ProcessingType.cpp">
      <Filter>Source Files\Utils</Filter>
    </ClCompile>
    <ClCompile Include="UISys\UIBase.cpp">
      <Filter>Source Files\UISys</Filter>
    </ClCompile>
    <ClCompile Include="UISys\UIButton.cpp">
      <Filter>Source Files\UISys</Filter>
    </ClCompile>
    <ClCompile Include="UISys\UISys.cpp">
      <Filter>Source Files\UISys</Filter>
    </ClCompile>
    <ClCompile Include="UISys\UIVec2.cpp">
      <Filter>Source Files\UISys</Filter>
    </ClCompile>
    <ClCompile Include="UISys\UIRect.cpp">
      <Filter>Source Files\UISys</Filter>
    </ClCompile>
    <ClCompile Include="UISys\UIPlate.cpp">
      <Filter>Source Files\UISys</Filter>
    </ClCompile>
    <ClCompile Include="UISys\UISink.cpp">
      <Filter>Source Files\UISys</Filter>
    </ClCompile>
    <ClCompile Include="UISys\UIColor4.cpp">
      <Filter>Source Files\UISys</Filter>
    </ClCompile>
    <ClCompile Include="LoadAnim.cpp">
      <Filter>Source Files</Filter>
    </ClCompile>
    <ClCompile Include="UISys\UIText.cpp">
      <Filter>Source Files\UISys</Filter>
    </ClCompile>
    <ClCompile Include="UISys\CacheRecordUtils.cpp">
      <Filter>Source Files\UISys</Filter>
    </ClCompile>
    <ClCompile Include="UISys\DynSize.cpp">
      <Filter>Source Files\UISys</Filter>
    </ClCompile>
    <ClCompile Include="UISys\UIVBulkSlider.cpp">
      <Filter>Source Files\UISys</Filter>
    </ClCompile>
    <ClCompile Include="UISys\UIHSlider.cpp">
      <Filter>Source Files\UISys</Filter>
    </ClCompile>
    <ClCompile Include="UISys\NinePatcher.cpp">
      <Filter>Source Files\UISys</Filter>
    </ClCompile>
    <ClCompile Include="UISys\UIGraphic.cpp">
      <Filter>Source Files\UISys</Filter>
    </ClCompile>
    <ClCompile Include="Carousel\Carousel.cpp">
      <Filter>Source Files\Carousel</Filter>
    </ClCompile>
    <ClCompile Include="Utils\CarouselData.cpp">
      <Filter>Source Files\Utils</Filter>
    </ClCompile>
  </ItemGroup>
  <ItemGroup>
    <ResourceCompile Include="HMDOpView.rc">
      <Filter>Resource Files</Filter>
    </ResourceCompile>
  </ItemGroup>
  <ItemGroup>
    <Image Include="small.ico">
      <Filter>Resource Files</Filter>
    </Image>
    <Image Include="HMDOpView.ico">
      <Filter>Resource Files</Filter>
    </Image>
  </ItemGroup>
</Project>