<?xml version="1.0" encoding="utf-8"?>
<Project ToolsVersion="4.0" xmlns="http://schemas.microsoft.com/developer/msbuild/2003">
  <ItemGroup>
    <Filter Include="Source Files">
      <UniqueIdentifier>{4FC737F1-C7A5-4376-A066-2A32D752A2FF}</UniqueIdentifier>
      <Extensions>cpp;c;cc;cxx;c++;cppm;ixx;def;odl;idl;hpj;bat;asm;asmx</Extensions>
    </Filter>
    <Filter Include="Header Files">
      <UniqueIdentifier>{93995380-89BD-4b04-88EB-625FBE52EBFB}</UniqueIdentifier>
      <Extensions>h;hh;hpp;hxx;h++;hm;inl;inc;ipp;xsd</Extensions>
    </Filter>
    <Filter Include="Resource Files">
      <UniqueIdentifier>{67DA6AB6-F800-4c08-8B7A-83BB121AAD01}</UniqueIdentifier>
      <Extensions>rc;ico;cur;bmp;dlg;rc2;rct;bin;rgs;gif;jpg;jpeg;jpe;resx;tiff;tif;png;wav;mfcribbon-ms</Extensions>
    </Filter>
    <Filter Include="Source Files\Panes">
      <UniqueIdentifier>{a66fc14f-70a8-43f7-b8c4-f201b230e0f2}</UniqueIdentifier>
    </Filter>
    <Filter Include="Source Files\Dashboard">
      <UniqueIdentifier>{e4a81850-aec8-4892-9185-d09bc9874fda}</UniqueIdentifier>
    </Filter>
    <Filter Include="Source Files\Main">
      <UniqueIdentifier>{5ab9a111-c3bd-4c1e-ab2e-8751817f877f}</UniqueIdentifier>
    </Filter>
    <Filter Include="Source Files\Inspector">
      <UniqueIdentifier>{6196d412-797c-4bb9-8605-80e96070c187}</UniqueIdentifier>
    </Filter>
    <Filter Include="Header Files\Inspector">
      <UniqueIdentifier>{e3fd1948-d525-4ae0-ad34-2855f327ece1}</UniqueIdentifier>
    </Filter>
    <Filter Include="Header Files\Panes">
      <UniqueIdentifier>{d088748a-5ef0-4835-91af-8c234c9e20c2}</UniqueIdentifier>
    </Filter>
    <Filter Include="Source Files\DashElements">
      <UniqueIdentifier>{39f6f748-f2a8-4e7b-a039-2e97b6feda85}</UniqueIdentifier>
    </Filter>
    <Filter Include="Header Files\DashElements">
      <UniqueIdentifier>{6cf4a826-09de-42d8-9023-7991637e9f45}</UniqueIdentifier>
    </Filter>
    <Filter Include="Header Files\Dialogs">
      <UniqueIdentifier>{a84abe10-364d-4913-9e74-3fb245d90679}</UniqueIdentifier>
    </Filter>
    <Filter Include="Source Files\Dialogs">
      <UniqueIdentifier>{8a098aa8-0172-424d-9675-c1c126736266}</UniqueIdentifier>
    </Filter>
    <Filter Include="Header Files\GFXs">
      <UniqueIdentifier>{41736aab-8805-45dd-bb70-13e66d545a21}</UniqueIdentifier>
    </Filter>
    <Filter Include="Header Files\StreamMgr">
      <UniqueIdentifier>{2cdefa3a-f32f-4b6a-b26b-ff0f55ea0d15}</UniqueIdentifier>
    </Filter>
    <Filter Include="Source Files\StreamMgr">
      <UniqueIdentifier>{4ef39fb5-f82a-464b-b7b4-264c0fcc1b6c}</UniqueIdentifier>
    </Filter>
  </ItemGroup>
  <ItemGroup>
    <ClInclude Include="Resource.h">
      <Filter>Header Files</Filter>
    </ClInclude>
    <ClInclude Include="CVGDashBoard.h">
      <Filter>Header Files</Filter>
    </ClInclude>
    <ClInclude Include="DashboardGrid.h">
      <Filter>Header Files</Filter>
    </ClInclude>
    <ClInclude Include="App.h">
      <Filter>Header Files</Filter>
    </ClInclude>
    <ClInclude Include="RootWindow.h">
      <Filter>Header Files</Filter>
    </ClInclude>
    <ClInclude Include="DockedCVGPane.h">
      <Filter>Header Files</Filter>
    </ClInclude>
    <ClInclude Include="CVGBridge.h">
      <Filter>Header Files</Filter>
    </ClInclude>
    <ClInclude Include="Inspector\InspectorEquipment.h">
      <Filter>Header Files\Inspector</Filter>
    </ClInclude>
    <ClInclude Include="PaneBusLog.h">
      <Filter>Header Files\Panes</Filter>
    </ClInclude>
    <ClInclude Include="PaneDashboard.h">
      <Filter>Header Files\Panes</Filter>
    </ClInclude>
    <ClInclude Include="PaneInspector.h">
      <Filter>Header Files\Panes</Filter>
    </ClInclude>
    <ClInclude Include="DashboardGridInst.h">
      <Filter>Header Files</Filter>
    </ClInclude>
    <ClInclude Include="DashboardElementInst.h">
      <Filter>Header Files</Filter>
    </ClInclude>
    <ClInclude Include="defines.h">
      <Filter>Header Files</Filter>
    </ClInclude>
    <ClInclude Include="FullscreenDash.h">
      <Filter>Header Files</Filter>
    </ClInclude>
    <ClInclude Include="Dialogs\DlgGridSize.h">
      <Filter>Header Files\Dialogs</Filter>
    </ClInclude>
    <ClInclude Include="glext.h">
      <Filter>Header Files</Filter>
    </ClInclude>
    <ClInclude Include="CamChannel.h">
      <Filter>Header Files</Filter>
    </ClInclude>
    <ClInclude Include="DashDragCont.h">
      <Filter>Header Files</Filter>
    </ClInclude>
    <ClInclude Include="DashboardCamInst.h">
      <Filter>Header Files</Filter>
    </ClInclude>
    <ClInclude Include="DashboardInst.h">
      <Filter>Header Files</Filter>
    </ClInclude>
    <ClInclude Include="StreamMgr\StreamCon.h">
      <Filter>Header Files\StreamMgr</Filter>
    </ClInclude>
    <ClInclude Include="StreamMgr\StreamSession.h">
      <Filter>Header Files\StreamMgr</Filter>
    </ClInclude>
    <ClInclude Include="StreamMgr\StreamMgr.h">
      <Filter>Header Files\StreamMgr</Filter>
    </ClInclude>
    <ClInclude Include="DashboardCamInstUI.h">
      <Filter>Header Files</Filter>
    </ClInclude>
    <ClInclude Include="Tile.h">
      <Filter>Header Files</Filter>
    </ClInclude>
    <ClInclude Include="TileParam.h">
      <Filter>Header Files</Filter>
    </ClInclude>
    <ClInclude Include="TileCam.h">
      <Filter>Header Files</Filter>
    </ClInclude>
    <ClInclude Include="Inspector\InspUIImplParam.h">
      <Filter>Header Files\Inspector</Filter>
    </ClInclude>
    <ClInclude Include="Inspector\InspUIImplInt.h">
      <Filter>Header Files\Inspector</Filter>
    </ClInclude>
    <ClInclude Include="Inspector\InspUIImplFloat.h">
      <Filter>Header Files\Inspector</Filter>
    </ClInclude>
    <ClInclude Include="Inspector\InspUIImplEnum.h">
      <Filter>Header Files\Inspector</Filter>
    </ClInclude>
    <ClInclude Include="Inspector\InspUIImplBool.h">
      <Filter>Header Files\Inspector</Filter>
    </ClInclude>
    <ClInclude Include="Inspector\InspUIImplButton.h">
      <Filter>Header Files\Inspector</Filter>
    </ClInclude>
    <ClInclude Include="Inspector\InspUIImplString.h">
      <Filter>Header Files\Inspector</Filter>
    </ClInclude>
    <ClInclude Include="Inspector\InspBarVideoStream.h">
      <Filter>Header Files\Inspector</Filter>
    </ClInclude>
    <ClInclude Include="Inspector\InspBarParam.h">
      <Filter>Header Files\Inspector</Filter>
    </ClInclude>
    <ClInclude Include="DashElements\DashParamUIImpl.h">
      <Filter>Header Files\DashElements</Filter>
    </ClInclude>
    <ClInclude Include="DashElements\DashParamUIImplSingleString.h">
      <Filter>Header Files\DashElements</Filter>
    </ClInclude>
    <ClInclude Include="DashElements\DashParamUIImplPulldown.h">
      <Filter>Header Files\DashElements</Filter>
    </ClInclude>
    <ClInclude Include="DashElements\DashParamUIImplInt.h">
      <Filter>Header Files\DashElements</Filter>
    </ClInclude>
    <ClInclude Include="DashElements\DashParamUIImplButton.h">
      <Filter>Header Files\DashElements</Filter>
    </ClInclude>
    <ClInclude Include="DashElements\DashParamUIImplFloatSlider.h">
      <Filter>Header Files\DashElements</Filter>
    </ClInclude>
    <ClInclude Include="DashElements\DashParamUIImplCheckbox.h">
      <Filter>Header Files\DashElements</Filter>
    </ClInclude>
    <ClInclude Include="DashElements\DashParamUIImplFloat.h">
      <Filter>Header Files\DashElements</Filter>
    </ClInclude>
    <ClInclude Include="DashElements\DashParamConstantNames.h">
      <Filter>Header Files\DashElements</Filter>
    </ClInclude>
  </ItemGroup>
  <ItemGroup>
    <ClCompile Include="PaneInspector.cpp">
      <Filter>Source Files\Panes</Filter>
    </ClCompile>
    <ClCompile Include="PaneBusLog.cpp">
      <Filter>Source Files\Panes</Filter>
    </ClCompile>
    <ClCompile Include="App.cpp">
      <Filter>Source Files\Main</Filter>
    </ClCompile>
    <ClCompile Include="RootWindow.cpp">
      <Filter>Source Files\Main</Filter>
    </ClCompile>
    <ClCompile Include="DashboardGrid.cpp">
      <Filter>Source Files\Dashboard</Filter>
    </ClCompile>
    <ClCompile Include="PaneDashboard.cpp">
      <Filter>Source Files\Panes</Filter>
    </ClCompile>
    <ClCompile Include="Inspector\InspectorEquipment.cpp">
      <Filter>Source Files\Inspector</Filter>
    </ClCompile>
    <ClCompile Include="DashboardGridInst.cpp">
      <Filter>Source Files\Dashboard</Filter>
    </ClCompile>
    <ClCompile Include="DashboardElementInst.cpp">
      <Filter>Source Files\Dashboard</Filter>
    </ClCompile>
    <ClCompile Include="DockedCVGPane.cpp">
      <Filter>Source Files</Filter>
    </ClCompile>
    <ClCompile Include="FullscreenDash.cpp">
      <Filter>Source Files</Filter>
    </ClCompile>
    <ClCompile Include="Dialogs\DlgGridSize.cpp">
      <Filter>Source Files\Dialogs</Filter>
    </ClCompile>
    <ClCompile Include="CamChannel.cpp">
      <Filter>Source Files</Filter>
    </ClCompile>
    <ClCompile Include="DashDragCont.cpp">
      <Filter>Source Files</Filter>
    </ClCompile>
    <ClCompile Include="DashboardCamInst.cpp">
      <Filter>Source Files</Filter>
    </ClCompile>
    <ClCompile Include="DashboardInst.cpp">
      <Filter>Source Files</Filter>
    </ClCompile>
    <ClCompile Include="StreamMgr\StreamCon.cpp">
      <Filter>Source Files\StreamMgr</Filter>
    </ClCompile>
    <ClCompile Include="StreamMgr\StreamSession.cpp">
      <Filter>Source Files\StreamMgr</Filter>
    </ClCompile>
    <ClCompile Include="StreamMgr\StreamMgr.cpp">
      <Filter>Source Files\StreamMgr</Filter>
    </ClCompile>
    <ClCompile Include="DashboardCamInstUI.cpp">
      <Filter>Source Files</Filter>
    </ClCompile>
    <ClCompile Include="Tile.cpp">
      <Filter>Source Files</Filter>
    </ClCompile>
    <ClCompile Include="TileParam.cpp">
      <Filter>Source Files\Dashboard</Filter>
    </ClCompile>
    <ClCompile Include="TileCam.cpp">
      <Filter>Source Files</Filter>
    </ClCompile>
    <ClCompile Include="Inspector\InspUIImplParam.cpp">
      <Filter>Source Files\Inspector</Filter>
    </ClCompile>
    <ClCompile Include="Inspector\InspUIImplInt.cpp">
      <Filter>Source Files\Inspector</Filter>
    </ClCompile>
    <ClCompile Include="Inspector\InspUIImplFloat.cpp">
      <Filter>Source Files\Inspector</Filter>
    </ClCompile>
    <ClCompile Include="Inspector\InspUIImplEnum.cpp">
      <Filter>Source Files\Inspector</Filter>
    </ClCompile>
    <ClCompile Include="Inspector\InspUIImplBool.cpp">
      <Filter>Source Files\Inspector</Filter>
    </ClCompile>
    <ClCompile Include="Inspector\InspUIImplButton.cpp">
      <Filter>Source Files</Filter>
    </ClCompile>
    <ClCompile Include="Inspector\InspUIImplString.cpp">
      <Filter>Source Files\Inspector</Filter>
    </ClCompile>
    <ClCompile Include="Inspector\InspBarVideoStream.cpp">
      <Filter>Source Files\Inspector</Filter>
    </ClCompile>
    <ClCompile Include="Inspector\InspBarParam.cpp">
      <Filter>Source Files\Inspector</Filter>
    </ClCompile>
    <ClCompile Include="DashElements\DashParamUIImpl.cpp">
      <Filter>Source Files\DashElements</Filter>
    </ClCompile>
    <ClCompile Include="DashElements\DashParamUIImplSingleString.cpp">
      <Filter>Source Files\DashElements</Filter>
    </ClCompile>
    <ClCompile Include="DashElements\DashParamUIImplPulldown.cpp">
      <Filter>Source Files\DashElements</Filter>
    </ClCompile>
    <ClCompile Include="DashElements\DashParamUIImplInt.cpp">
      <Filter>Source Files\DashElements</Filter>
    </ClCompile>
    <ClCompile Include="DashElements\DashParamUIImplButton.cpp">
      <Filter>Source Files\DashElements</Filter>
    </ClCompile>
    <ClCompile Include="DashElements\DashParamUIImplFloatSlider.cpp">
      <Filter>Source Files\DashElements</Filter>
    </ClCompile>
    <ClCompile Include="DashElements\DashParamUIImplCheckbox.cpp">
      <Filter>Source Files\DashElements</Filter>
    </ClCompile>
    <ClCompile Include="DashElements\DashParamUIImplFloat.cpp">
      <Filter>Source Files\DashElements</Filter>
    </ClCompile>
  </ItemGroup>
  <ItemGroup>
    <ResourceCompile Include="CVGDashBoard.rc">
      <Filter>Resource Files</Filter>
    </ResourceCompile>
  </ItemGroup>
  <ItemGroup>
    <Image Include="small.ico">
      <Filter>Resource Files</Filter>
    </Image>
    <Image Include="CVGDashBoard.ico">
      <Filter>Resource Files</Filter>
    </Image>
  </ItemGroup>
  <ItemGroup>
    <None Include="GFXs\video_25x23.xpm">
      <Filter>Header Files\GFXs</Filter>
    </None>
  </ItemGroup>
</Project>